
Microsoft Visual Studio Solution File, Format Version 12.00
# Visual Studio Version 17
VisualStudioVersion = 17.9.34701.34
MinimumVisualStudioVersion = 10.0.40219.1
Project("{FAE04EC0-301F-11D3-BF4B-00C04F79EFBC}") = "ScreenSound", "ScreenSound\ScreenSound.csproj", "{21C7C3BF-8A33-408D-8C42-F9061E11E490}"
EndProject
Global
	GlobalSection(SolutionConfigurationPlatforms) = preSolution
		Debug|Any CPU = Debug|Any CPU
		Release|Any CPU = Release|Any CPU
	EndGlobalSection
	GlobalSection(ProjectConfigurationPlatforms) = postSolution
		{21C7C3BF-8A33-408D-8C42-F9061E11E490}.Debug|Any CPU.ActiveCfg = Debug|Any CPU
		{21C7C3BF-8A33-408D-8C42-F9061E11E490}.Debug|Any CPU.Build.0 = Debug|Any CPU
		{21C7C3BF-8A33-408D-8C42-F9061E11E490}.Release|Any CPU.ActiveCfg = Release|Any CPU
		{21C7C3BF-8A33-408D-8C42-F9061E11E490}.Release|Any CPU.Build.0 = Release|Any CPU
	EndGlobalSection
	GlobalSection(SolutionProperties) = preSolution
		HideSolutionNode = FALSE
	EndGlobalSection
	GlobalSection(ExtensibilityGlobals) = postSolution
		SolutionGuid = {B1706CC8-C010-4D4E-ADB3-9B11B7584625}
	EndGlobalSection
EndGlobal
